
Microsoft Visual Studio Solution File, Format Version 12.00
# Visual Studio Version 16
VisualStudioVersion = 16.0.29411.108
MinimumVisualStudioVersion = 10.0.40219.1
Project("{FAE04EC0-301F-11D3-BF4B-00C04F79EFBC}") = "ConsoleApp9", "ConsoleApp9\ConsoleApp9.csproj", "{CC56785D-995D-42B7-8C9C-8BB242E24CC7}"
EndProject
Global
	GlobalSection(SolutionConfigurationPlatforms) = preSolution
		Debug|Any CPU = Debug|Any CPU
		Release|Any CPU = Release|Any CPU
	EndGlobalSection
	GlobalSection(ProjectConfigurationPlatforms) = postSolution
		{CC56785D-995D-42B7-8C9C-8BB242E24CC7}.Debug|Any CPU.ActiveCfg = Debug|Any CPU
		{CC56785D-995D-42B7-8C9C-8BB242E24CC7}.Debug|Any CPU.Build.0 = Debug|Any CPU
		{CC56785D-995D-42B7-8C9C-8BB242E24CC7}.Release|Any CPU.ActiveCfg = Release|Any CPU
		{CC56785D-995D-42B7-8C9C-8BB242E24CC7}.Release|Any CPU.Build.0 = Release|Any CPU
	EndGlobalSection
	GlobalSection(SolutionProperties) = preSolution
		HideSolutionNode = FALSE
	EndGlobalSection
	GlobalSection(ExtensibilityGlobals) = postSolution
		SolutionGuid = {5C1CA848-D9A6-44C0-A77C-56F0D3085B0C}
	EndGlobalSection
EndGlobal
